PODS:
  - FBSnapshotTestCase (1.6)
  - NUIParse (1.4)
  - "UIImage+ColorFromImage (0.0.2)"

DEPENDENCIES:
  - FBSnapshotTestCase (~> 1.6)
  - NUIParse (from `https://github.com/digitalindiana/NUIParse.git`, branch `master`)
  - "UIImage+ColorFromImage (= 0.0.2)"

SPEC REPOS:
  trunk:
    - FBSnapshotTestCase
    - "UIImage+ColorFromImage"

EXTERNAL SOURCES:
  NUIParse:
    :branch: master
    :git: https://github.com/digitalindiana/NUIParse.git

CHECKOUT OPTIONS:
  NUIParse:
    :commit: 19674441507cf6013dd38701d10c1e20e98e4c3b
    :git: https://github.com/digitalindiana/NUIParse.git

SPEC CHECKSUMS:
  FBSnapshotTestCase: 9d5fe43b29ae3a0ed8fc829477971b281038f748
  NUIParse: 8929ebb12419ca0bfdba3e0e1be47e33593b3fab
  "UIImage+ColorFromImage": b84b5f8b4dc9d996d17d2b736e1429f4a13b37e4

PODFILE CHECKSUM: d54213b03ef6853884ece6bb73a5b0f4c4e0efaf

COCOAPODS: 1.9.3
